
Microsoft Visual Studio Solution File, Format Version 12.00
# Visual Studio Version 17
VisualStudioVersion = 17.4.33213.308
MinimumVisualStudioVersion = 10.0.40219.1
Project("{FAE04EC0-301F-11D3-BF4B-00C04F79EFBC}") = "ScrapingWikipedia", "ScrapingWikipedia\ScrapingWikipedia.csproj", "{0C249390-E729-4254-BBD4-3783682215A6}"
EndProject
Global
	GlobalSection(SolutionConfigurationPlatforms) = preSolution
		Debug|Any CPU = Debug|Any CPU
		Release|Any CPU = Release|Any CPU
	EndGlobalSection
	GlobalSection(ProjectConfigurationPlatforms) = postSolution
		{0C249390-E729-4254-BBD4-3783682215A6}.Debug|Any CPU.ActiveCfg = Debug|Any CPU
		{0C249390-E729-4254-BBD4-3783682215A6}.Debug|Any CPU.Build.0 = Debug|Any CPU
		{0C249390-E729-4254-BBD4-3783682215A6}.Release|Any CPU.ActiveCfg = Release|Any CPU
		{0C249390-E729-4254-BBD4-3783682215A6}.Release|Any CPU.Build.0 = Release|Any CPU
	EndGlobalSection
	GlobalSection(SolutionProperties) = preSolution
		HideSolutionNode = FALSE
	EndGlobalSection
	GlobalSection(ExtensibilityGlobals) = postSolution
		SolutionGuid = {352237FB-8F39-4A0D-9E37-9E416A499EE6}
	EndGlobalSection
EndGlobal
